
Microsoft Visual Studio Solution File, Format Version 12.00
# Visual Studio Version 17
VisualStudioVersion = 17.8.34525.116
MinimumVisualStudioVersion = 10.0.40219.1
Project("{FAE04EC0-301F-11D3-BF4B-00C04F79EFBC}") = "ConsoleApp1CSharpTest1", "ConsoleApp1CSharpTest1.csproj", "{E1450F11-5C63-49C9-8510-C5BC52F390AC}"
EndProject
Global
	GlobalSection(SolutionConfigurationPlatforms) = preSolution
		Debug|Any CPU = Debug|Any CPU
		Release|Any CPU = Release|Any CPU
	EndGlobalSection
	GlobalSection(ProjectConfigurationPlatforms) = postSolution
		{E1450F11-5C63-49C9-8510-C5BC52F390AC}.Debug|Any CPU.ActiveCfg = Debug|Any CPU
		{E1450F11-5C63-49C9-8510-C5BC52F390AC}.Debug|Any CPU.Build.0 = Debug|Any CPU
		{E1450F11-5C63-49C9-8510-C5BC52F390AC}.Release|Any CPU.ActiveCfg = Release|Any CPU
		{E1450F11-5C63-49C9-8510-C5BC52F390AC}.Release|Any CPU.Build.0 = Release|Any CPU
	EndGlobalSection
	GlobalSection(SolutionProperties) = preSolution
		HideSolutionNode = FALSE
	EndGlobalSection
	GlobalSection(ExtensibilityGlobals) = postSolution
		SolutionGuid = {F2B4C056-CC02-4C90-92B4-9000D087CB96}
	EndGlobalSection
EndGlobal
